// !$*UTF8*$!
{
	archiveVersion = 1;
	classes = {
	};
	objectVersion = 46;
	objects = {

/* Begin PBXBuildFile section */
		E8B2923C1C888D0500776C67 /* AppDelegate.swift in Sources */ = {isa = PBXBuildFile; fileRef = E8B2923B1C888D0500776C67 /* AppDelegate.swift */; };
		E8B2923E1C888D0500776C67 /* ViewController.swift in Sources */ = {isa = PBXBuildFile; fileRef = E8B2923D1C888D0500776C67 /* ViewController.swift */; };
		E8B292411C888D0500776C67 /* Main.storyboard in Resources */ = {isa = PBXBuildFile; fileRef = E8B2923F1C888D0500776C67 /* Main.storyboard */; };
		E8B292431C888D0500776C67 /* Assets.xcassets in Resources */ = {isa = PBXBuildFile; fileRef = E8B292421C888D0500776C67 /* Assets.xcassets */; };
		E8B292461C888D0500776C67 /* LaunchScreen.storyboard in Resources */ = {isa = PBXBuildFile; fileRef = E8B292441C888D0500776C67 /* LaunchScreen.storyboard */; };
		E8B292511C888D0500776C67 /* The_Double_Ninth_FestivalTests.swift in Sources */ = {isa = PBXBuildFile; fileRef = E8B292501C888D0500776C67 /* The_Double_Ninth_FestivalTests.swift */; };
		E8B2925C1C888D0500776C67 /* The_Double_Ninth_FestivalUITests.swift in Sources */ = {isa = PBXBuildFile; fileRef = E8B2925B1C888D0500776C67 /* The_Double_Ninth_FestivalUITests.swift */; };
/* End PBXBuildFile section */

/* Begin PBXContainerItemProxy section */
		E8B2924D1C888D0500776C67 /* PBXContainerItemProxy */ = {
			isa = PBXContainerItemProxy;
			containerPortal = E8B292301C888D0500776C67 /* Project object */;
			proxyType = 1;
			remoteGlobalIDString = E8B292371C888D0500776C67;
			remoteInfo = "The Double Ninth Festival";
		};
		E8B292581C888D0500776C67 /* PBXContainerItemProxy */ = {
			isa = PBXContainerItemProxy;
			containerPortal = E8B292301C888D0500776C67 /* Project object */;
			proxyType = 1;
			remoteGlobalIDString = E8B292371C888D0500776C67;
			remoteInfo = "The Double Ninth Festival";
		};
/* End PBXContainerItemProxy section */

/* Begin PBXFileReference section */
		E8B292381C888D0500776C67 /* The Double Ninth Festival.app */ = {isa = PBXFileReference; explicitFileType = wrapper.application; includeInIndex = 0; path = "The Double Ninth Festival.app"; sourceTree = BUILT_PRODUCTS_DIR; };
		E8B2923B1C888D0500776C67 /* AppDelegate.swift */ = {isa = PBXFileReference; lastKnownFileType = sourcecode.swift; path = AppDelegate.swift; sourceTree = "<group>"; };
		E8B2923D1C888D0500776C67 /* ViewController.swift */ = {isa = PBXFileReference; lastKnownFileType = sourcecode.swift; path = ViewController.swift; sourceTree = "<group>"; };
		E8B292401C888D0500776C67 /* Base */ = {isa = PBXFileReference; lastKnownFileType = file.storyboard; name = Base; path = Base.lproj/Main.storyboard; sourceTree = "<group>"; };
		E8B292421C888D0500776C67 /* Assets.xcassets */ = {isa = PBXFileReference; lastKnownFileType = folder.assetcatalog; path = Assets.xcassets; sourceTree = "<group>"; };
		E8B292451C888D0500776C67 /* Base */ = {isa = PBXFileReference; lastKnownFileType = file.storyboard; name = Base; path = Base.lproj/LaunchScreen.storyboard; sourceTree = "<group>"; };
		E8B292471C888D0500776C67 /* Info.plist */ = {isa = PBXFileReference; lastKnownFileType = text.plist.xml; path = Info.plist; sourceTree = "<group>"; };
		E8B2924C1C888D0500776C67 /* The Double Ninth FestivalTests.xctest */ = {isa = PBXFileReference; explicitFileType = wrapper.cfbundle; includeInIndex = 0; path = "The Double Ninth FestivalTests.xctest"; sourceTree = BUILT_PRODUCTS_DIR; };
		E8B292501C888D0500776C67 /* The_Double_Ninth_FestivalTests.swift */ = {isa = PBXFileReference; lastKnownFileType = sourcecode.swift; path = The_Double_Ninth_FestivalTests.swift; sourceTree = "<group>"; };
		E8B292521C888D0500776C67 /* Info.plist */ = {isa = PBXFileReference; lastKnownFileType = text.plist.xml; path = Info.plist; sourceTree = "<group>"; };
		E8B292571C888D0500776C67 /* The Double Ninth FestivalUITests.xctest */ = {isa = PBXFileReference; explicitFileType = wrapper.cfbundle; includeInIndex = 0; path = "The Double Ninth FestivalUITests.xctest"; sourceTree = BUILT_PRODUCTS_DIR; };
		E8B2925B1C888D0500776C67 /* The_Double_Ninth_FestivalUITests.swift */ = {isa = PBXFileReference; lastKnownFileType = sourcecode.swift; path = The_Double_Ninth_FestivalUITests.swift; sourceTree = "<group>"; };
		E8B2925D1C888D0500776C67 /* Info.plist */ = {isa = PBXFileReference; lastKnownFileType = text.plist.xml; path = Info.plist; sourceTree = "<group>"; };
/* End PBXFileReference section */

/* Begin PBXFrameworksBuildPhase section */
		E8B292351C888D0500776C67 /* Frameworks */ = {
			isa = PBXFrameworksBuildPhase;
			buildActionMask = 2147483647;
			files = (
			);
			runOnlyForDeploymentPostprocessing = 0;
		};
		E8B292491C888D0500776C67 /* Frameworks */ = {
			isa = PBXFrameworksBuildPhase;
			buildActionMask = 2147483647;
			files = (
			);
			runOnlyForDeploymentPostprocessing = 0;
		};
		E8B292541C888D0500776C67 /* Frameworks */ = {
			isa = PBXFrameworksBuildPhase;
			buildActionMask = 2147483647;
			files = (
			);
			runOnlyForDeploymentPostprocessing = 0;
		};
/* End PBXFrameworksBuildPhase section */

/* Begin PBXGroup section */
		E8B2922F1C888D0500776C67 = {
			isa = PBXGroup;
			children = (
				E8B2923A1C888D0500776C67 /* The Double Ninth Festival */,
				E8B2924F1C888D0500776C67 /* The Double Ninth FestivalTests */,
				E8B2925A1C888D0500776C67 /* The Double Ninth FestivalUITests */,
				E8B292391C888D0500776C67 /* Products */,
			);
			sourceTree = "<group>";
		};
		E8B292391C888D0500776C67 /* Products */ = {
			isa = PBXGroup;
			children = (
				E8B292381C888D0500776C67 /* The Double Ninth Festival.app */,
				E8B2924C1C888D0500776C67 /* The Double Ninth FestivalTests.xctest */,
				E8B292571C888D0500776C67 /* The Double Ninth FestivalUITests.xctest */,
			);
			name = Products;
			sourceTree = "<group>";
		};
		E8B2923A1C888D0500776C67 /* The Double Ninth Festival */ = {
			isa = PBXGroup;
			children = (
				E8B2923B1C888D0500776C67 /* AppDelegate.swift */,
				E8B2923D1C888D0500776C67 /* ViewController.swift */,
				E8B2923F1C888D0500776C67 /* Main.storyboard */,
				E8B292421C888D0500776C67 /* Assets.xcassets */,
				E8B292441C888D0500776C67 /* LaunchScreen.storyboard */,
				E8B292471C888D0500776C67 /* Info.plist */,
			);
			path = "The Double Ninth Festival";
			sourceTree = "<group>";
		};
		E8B2924F1C888D0500776C67 /* The Double Ninth FestivalTests */ = {
			isa = PBXGroup;
			children = (
				E8B292501C888D0500776C67 /* The_Double_Ninth_FestivalTests.swift */,
				E8B292521C888D0500776C67 /* Info.plist */,
			);
			path = "The Double Ninth FestivalTests";
			sourceTree = "<group>";
		};
		E8B2925A1C888D0500776C67 /* The Double Ninth FestivalUITests */ = {
			isa = PBXGroup;
			children = (
				E8B2925B1C888D0500776C67 /* The_Double_Ninth_FestivalUITests.swift */,
				E8B2925D1C888D0500776C67 /* Info.plist */,
			);
			path = "The Double Ninth FestivalUITests";
			sourceTree = "<group>";
		};
/* End PBXGroup section */

/* Begin PBXNativeTarget section */
		E8B292371C888D0500776C67 /* The Double Ninth Festival */ = {
			isa = PBXNativeTarget;
			buildConfigurationList = E8B292601C888D0500776C67 /* Build configuration list for PBXNativeTarget "The Double Ninth Festival" */;
			buildPhases = (
				E8B292341C888D0500776C67 /* Sources */,
				E8B292351C888D0500776C67 /* Frameworks */,
				E8B292361C888D0500776C67 /* Resources */,
			);
			buildRules = (
			);
			dependencies = (
			);
			name = "The Double Ninth Festival";
			productName = "The Double Ninth Festival";
			productReference = E8B292381C888D0500776C67 /* The Double Ninth Festival.app */;
			productType = "com.apple.product-type.application";
		};
		E8B2924B1C888D0500776C67 /* The Double Ninth FestivalTests */ = {
			isa = PBXNativeTarget;
			buildConfigurationList = E8B292631C888D0500776C67 /* Build configuration list for PBXNativeTarget "The Double Ninth FestivalTests" */;
			buildPhases = (
				E8B292481C888D0500776C67 /* Sources */,
				E8B292491C888D0500776C67 /* Frameworks */,
				E8B2924A1C888D0500776C67 /* Resources */,
			);
			buildRules = (
			);
			dependencies = (
				E8B2924E1C888D0500776C67 /* PBXTargetDependency */,
			);
			name = "The Double Ninth FestivalTests";
			productName = "The Double Ninth FestivalTests";
			productReference = E8B2924C1C888D0500776C67 /* The Double Ninth FestivalTests.xctest */;
			productType = "com.apple.product-type.bundle.unit-test";
		};
		E8B292561C888D0500776C67 /* The Double Ninth FestivalUITests */ = {
			isa = PBXNativeTarget;
			buildConfigurationList = E8B292661C888D0500776C67 /* Build configuration list for PBXNativeTarget "The Double Ninth FestivalUITests" */;
			buildPhases = (
				E8B292531C888D0500776C67 /* Sources */,
				E8B292541C888D0500776C67 /* Frameworks */,
				E8B292551C888D0500776C67 /* Resources */,
			);
			buildRules = (
			);
			dependencies = (
				E8B292591C888D0500776C67 /* PBXTargetDependency */,
			);
			name = "The Double Ninth FestivalUITests";
			productName = "The Double Ninth FestivalUITests";
			productReference = E8B292571C888D0500776C67 /* The Double Ninth FestivalUITests.xctest */;
			productType = "com.apple.product-type.bundle.ui-testing";
		};
/* End PBXNativeTarget section */

/* Begin PBXProject section */
		E8B292301C888D0500776C67 /* Project object */ = {
			isa = PBXProject;
			attributes = {
				LastSwiftUpdateCheck = 0720;
				LastUpgradeCheck = 0720;
				ORGANIZATIONNAME = "Migoo Technology";
				TargetAttributes = {
					E8B292371C888D0500776C67 = {
						CreatedOnToolsVersion = 7.2.1;
					};
					E8B2924B1C888D0500776C67 = {
						CreatedOnToolsVersion = 7.2.1;
						TestTargetID = E8B292371C888D0500776C67;
					};
					E8B292561C888D0500776C67 = {
						CreatedOnToolsVersion = 7.2.1;
						TestTargetID = E8B292371C888D0500776C67;
					};
				};
			};
			buildConfigurationList = E8B292331C888D0500776C67 /* Build configuration list for PBXProject "The Double Ninth Festival" */;
			compatibilityVersion = "Xcode 3.2";
			developmentRegion = English;
			hasScannedForEncodings = 0;
			knownRegions = (
				en,
				Base,
			);
			mainGroup = E8B2922F1C888D0500776C67;
			productRefGroup = E8B292391C888D0500776C67 /* Products */;
			projectDirPath = "";
			projectRoot = "";
			targets = (
				E8B292371C888D0500776C67 /* The Double Ninth Festival */,
				E8B2924B1C888D0500776C67 /* The Double Ninth FestivalTests */,
				E8B292561C888D0500776C67 /* The Double Ninth FestivalUITests */,
			);
		};
/* End PBXProject section */

/* Begin PBXResourcesBuildPhase section */
		E8B292361C888D0500776C67 /* Resources */ = {
			isa = PBXResourcesBuildPhase;
			buildActionMask = 2147483647;
			files = (
				E8B292461C888D0500776C67 /* LaunchScreen.storyboard in Resources */,
				E8B292431C888D0500776C67 /* Assets.xcassets in Resources */,
				E8B292411C888D0500776C67 /* Main.storyboard in Resources */,
			);
			runOnlyForDeploymentPostprocessing = 0;
		};
		E8B2924A1C888D0500776C67 /* Resources */ = {
			isa = PBXResourcesBuildPhase;
			buildActionMask = 2147483647;
			files = (
			);
			runOnlyForDeploymentPostprocessing = 0;
		};
		E8B292551C888D0500776C67 /* Resources */ = {
			isa = PBXResourcesBuildPhase;
			buildActionMask = 2147483647;
			files = (
			);
			runOnlyForDeploymentPostprocessing = 0;
		};
/* End PBXResourcesBuildPhase section */

/* Begin PBXSourcesBuildPhase section */
		E8B292341C888D0500776C67 /* Sources */ = {
			isa = PBXSourcesBuildPhase;
			buildActionMask = 2147483647;
			files = (
				E8B2923E1C888D0500776C67 /* ViewController.swift in Sources */,
				E8B2923C1C888D0500776C67 /* AppDelegate.swift in Sources */,
			);
			runOnlyForDeploymentPostprocessing = 0;
		};
		E8B292481C888D0500776C67 /* Sources */ = {
			isa = PBXSourcesBuildPhase;
			buildActionMask = 2147483647;
			files = (
				E8B292511C888D0500776C67 /* The_Double_Ninth_FestivalTests.swift in Sources */,
			);
			runOnlyForDeploymentPostprocessing = 0;
		};
		E8B292531C888D0500776C67 /* Sources */ = {
			isa = PBXSourcesBuildPhase;
			buildActionMask = 2147483647;
			files = (
				E8B2925C1C888D0500776C67 /* The_Double_Ninth_FestivalUITests.swift in Sources */,
			);
			runOnlyForDeploymentPostprocessing = 0;
		};
/* End PBXSourcesBuildPhase section */

/* Begin PBXTargetDependency section */
		E8B2924E1C888D0500776C67 /* PBXTargetDependency */ = {
			isa = PBXTargetDependency;
			target = E8B292371C888D0500776C67 /* The Double Ninth Festival */;
			targetProxy = E8B2924D1C888D0500776C67 /* PBXContainerItemProxy */;
		};
		E8B292591C888D0500776C67 /* PBXTargetDependency */ = {
			isa = PBXTargetDependency;
			target = E8B292371C888D0500776C67 /* The Double Ninth Festival */;
			targetProxy = E8B292581C888D0500776C67 /* PBXContainerItemProxy */;
		};
/* End PBXTargetDependency section */

/* Begin PBXVariantGroup section */
		E8B2923F1C888D0500776C67 /* Main.storyboard */ = {
			isa = PBXVariantGroup;
			children = (
				E8B292401C888D0500776C67 /* Base */,
			);
			name = Main.storyboard;
			sourceTree = "<group>";
		};
		E8B292441C888D0500776C67 /* LaunchScreen.storyboard */ = {
			isa = PBXVariantGroup;
			children = (
				E8B292451C888D0500776C67 /* Base */,
			);
			name = LaunchScreen.storyboard;
			sourceTree = "<group>";
		};
/* End PBXVariantGroup section */

/* Begin XCBuildConfiguration section */
		E8B2925E1C888D0500776C67 /* Debug */ = {
			isa = XCBuildConfiguration;
			buildSettings = {
				ALWAYS_SEARCH_USER_PATHS = NO;
				CLANG_CXX_LANGUAGE_STANDARD = "gnu++0x";
				CLANG_CXX_LIBRARY = "libc++";
				CLANG_ENABLE_MODULES = YES;
				CLANG_ENABLE_OBJC_ARC = YES;
				CLANG_WARN_BOOL_CONVERSION = YES;
				CLANG_WARN_CONSTANT_CONVERSION = YES;
				CLANG_WARN_DIRECT_OBJC_ISA_USAGE = YES_ERROR;
				CLANG_WARN_EMPTY_BODY = YES;
				CLANG_WARN_ENUM_CONVERSION = YES;
				CLANG_WARN_INT_CONVERSION = YES;
				CLANG_WARN_OBJC_ROOT_CLASS = YES_ERROR;
				CLANG_WARN_UNREACHABLE_CODE = YES;
				CLANG_WARN__DUPLICATE_METHOD_MATCH = YES;
				"CODE_SIGN_IDENTITY[sdk=iphoneos*]" = "iPhone Developer";
				COPY_PHASE_STRIP = NO;
				DEBUG_INFORMATION_FORMAT = dwarf;
				ENABLE_STRICT_OBJC_MSGSEND = YES;
				ENABLE_TESTABILITY = YES;
				GCC_C_LANGUAGE_STANDARD = gnu99;
				GCC_DYNAMIC_NO_PIC = NO;
				GCC_NO_COMMON_BLOCKS = YES;
				GCC_OPTIMIZATION_LEVEL = 0;
				GCC_PREPROCESSOR_DEFINITIONS = (
					"DEBUG=1",
					"$(inherited)",
				);
				GCC_WARN_64_TO_32_BIT_CONVERSION = YES;
				GCC_WARN_ABOUT_RETURN_TYPE = YES_ERROR;
				GCC_WARN_UNDECLARED_SELECTOR = YES;
				GCC_WARN_UNINITIALIZED_AUTOS = YES_AGGRESSIVE;
				GCC_WARN_UNUSED_FUNCTION = YES;
				GCC_WARN_UNUSED_VARIABLE = YES;
				IPHONEOS_DEPLOYMENT_TARGET = 9.2;
				MTL_ENABLE_DEBUG_INFO = YES;
				ONLY_ACTIVE_ARCH = YES;
				SDKROOT = iphoneos;
				SWIFT_OPTIMIZATION_LEVEL = "-Onone";
			};
			name = Debug;
		};
		E8B2925F1C888D0500776C67 /* Release */ = {
			isa = XCBuildConfiguration;
			buildSettings = {
				ALWAYS_SEARCH_USER_PATHS = NO;
				CLANG_CXX_LANGUAGE_STANDARD = "gnu++0x";
				CLANG_CXX_LIBRARY = "libc++";
				CLANG_ENABLE_MODULES = YES;
				CLANG_ENABLE_OBJC_ARC = YES;
				CLANG_WARN_BOOL_CONVERSION = YES;
				CLANG_WARN_CONSTANT_CONVERSION = YES;
				CLANG_WARN_DIRECT_OBJC_ISA_USAGE = YES_ERROR;
				CLANG_WARN_EMPTY_BODY = YES;
				CLANG_WARN_ENUM_CONVERSION = YES;
				CLANG_WARN_INT_CONVERSION = YES;
				CLANG_WARN_OBJC_ROOT_CLASS = YES_ERROR;
				CLANG_WARN_UNREACHABLE_CODE = YES;
				CLANG_WARN__DUPLICATE_METHOD_MATCH = YES;
				"CODE_SIGN_IDENTITY[sdk=iphoneos*]" = "iPhone Developer";
				COPY_PHASE_STRIP = NO;
				DEBUG_INFORMATION_FORMAT = "dwarf-with-dsym";
				ENABLE_NS_ASSERTIONS = NO;
				ENABLE_STRICT_OBJC_MSGSEND = YES;
				GCC_C_LANGUAGE_STANDARD = gnu99;
				GCC_NO_COMMON_BLOCKS = YES;
				GCC_WARN_64_TO_32_BIT_CONVERSION = YES;
				GCC_WARN_ABOUT_RETURN_TYPE = YES_ERROR;
				GCC_WARN_UNDECLARED_SELECTOR = YES;
				GCC_WARN_UNINITIALIZED_AUTOS = YES_AGGRESSIVE;
				GCC_WARN_UNUSED_FUNCTION = YES;
				GCC_WARN_UNUSED_VARIABLE = YES;
				IPHONEOS_DEPLOYMENT_TARGET = 9.2;
				MTL_ENABLE_DEBUG_INFO = NO;
				SDKROOT = iphoneos;
				VALIDATE_PRODUCT = YES;
			};
			name = Release;
		};
		E8B292611C888D0500776C67 /* Debug */ = {
			isa = XCBuildConfiguration;
			buildSettings = {
				ASSETCATALOG_COMPILER_APPICON_NAME = AppIcon;
				INFOPLIST_FILE = "The Double Ninth Festival/Info.plist";
				LD_RUNPATH_SEARCH_PATHS = "$(inherited) @executable_path/Frameworks";
				PRODUCT_BUNDLE_IDENTIFIER = "Migoo.The-Double-Ninth-Festival";
				PRODUCT_NAME = "$(TARGET_NAME)";
			};
			name = Debug;
		};
		E8B292621C888D0500776C67 /* Release */ = {
			isa = XCBuildConfiguration;
			buildSettings = {
				ASSETCATALOG_COMPILER_APPICON_NAME = AppIcon;
				INFOPLIST_FILE = "The Double Ninth Festival/Info.plist";
				LD_RUNPATH_SEARCH_PATHS = "$(inherited) @executable_path/Frameworks";
				PRODUCT_BUNDLE_IDENTIFIER = "Migoo.The-Double-Ninth-Festival";
				PRODUCT_NAME = "$(TARGET_NAME)";
			};
			name = Release;
		};
		E8B292641C888D0500776C67 /* Debug */ = {
			isa = XCBuildConfiguration;
			buildSettings = {
				BUNDLE_LOADER = "$(TEST_HOST)";
				INFOPLIST_FILE = "The Double Ninth FestivalTests/Info.plist";
				LD_RUNPATH_SEARCH_PATHS = "$(inherited) @executable_path/Frameworks @loader_path/Frameworks";
				PRODUCT_BUNDLE_IDENTIFIER = "Migoo.The-Double-Ninth-FestivalTests";
				PRODUCT_NAME = "$(TARGET_NAME)";
				TEST_HOST = "$(BUILT_PRODUCTS_DIR)/The Double Ninth Festival.app/The Double Ninth Festival";
			};
			name = Debug;
		};
		E8B292651C888D0500776C67 /* Release */ = {
			isa = XCBuildConfiguration;
			buildSettings = {
				BUNDLE_LOADER = "$(TEST_HOST)";
				INFOPLIST_FILE = "The Double Ninth FestivalTests/Info.plist";
				LD_RUNPATH_SEARCH_PATHS = "$(inherited) @executable_path/Frameworks @loader_path/Frameworks";
				PRODUCT_BUNDLE_IDENTIFIER = "Migoo.The-Double-Ninth-FestivalTests";
				PRODUCT_NAME = "$(TARGET_NAME)";
				TEST_HOST = "$(BUILT_PRODUCTS_DIR)/The Double Ninth Festival.app/The Double Ninth Festival";
			};
			name = Release;
		};
		E8B292671C888D0500776C67 /* Debug */ = {
			isa = XCBuildConfiguration;
			buildSettings = {
				INFOPLIST_FILE = "The Double Ninth FestivalUITests/Info.plist";
				LD_RUNPATH_SEARCH_PATHS = "$(inherited) @executable_path/Frameworks @loader_path/Frameworks";
				PRODUCT_BUNDLE_IDENTIFIER = "Migoo.The-Double-Ninth-FestivalUITests";
				PRODUCT_NAME = "$(TARGET_NAME)";
				TEST_TARGET_NAME = "The Double Ninth Festival";
				USES_XCTRUNNER = YES;
			};
			name = Debug;
		};
		E8B292681C888D0500776C67 /* Release */ = {
			isa = XCBuildConfiguration;
			buildSettings = {
				INFOPLIST_FILE = "The Double Ninth FestivalUITests/Info.plist";
				LD_RUNPATH_SEARCH_PATHS = "$(inherited) @executable_path/Frameworks @loader_path/Frameworks";
				PRODUCT_BUNDLE_IDENTIFIER = "Migoo.The-Double-Ninth-FestivalUITests";
				PRODUCT_NAME = "$(TARGET_NAME)";
				TEST_TARGET_NAME = "The Double Ninth Festival";
				USES_XCTRUNNER = YES;
			};
			name = Release;
		};
/* End XCBuildConfiguration section */

/* Begin XCConfigurationList section */
		E8B292331C888D0500776C67 /* Build configuration list for PBXProject "The Double Ninth Festival" */ = {
			isa = XCConfigurationList;
			buildConfigurations = (
				E8B2925E1C888D0500776C67 /* Debug */,
				E8B2925F1C888D0500776C67 /* Release */,
			);
			defaultConfigurationIsVisible = 0;
			defaultConfigurationName = Release;
		};
		E8B292601C888D0500776C67 /* Build configuration list for PBXNativeTarget "The Double Ninth Festival" */ = {
			isa = XCConfigurationList;
			buildConfigurations = (
				E8B292611C888D0500776C67 /* Debug */,
				E8B292621C888D0500776C67 /* Release */,
			);
			defaultConfigurationIsVisible = 0;
		};
		E8B292631C888D0500776C67 /* Build configuration list for PBXNativeTarget "The Double Ninth FestivalTests" */ = {
			isa = XCConfigurationList;
			buildConfigurations = (
				E8B292641C888D0500776C67 /* Debug */,
				E8B292651C888D0500776C67 /* Release */,
			);
			defaultConfigurationIsVisible = 0;
		};
		E8B292661C888D0500776C67 /* Build configuration list for PBXNativeTarget "The Double Ninth FestivalUITests" */ = {
			isa = XCConfigurationList;
			buildConfigurations = (
				E8B292671C888D0500776C67 /* Debug */,
				E8B292681C888D0500776C67 /* Release */,
			);
			defaultConfigurationIsVisible = 0;
		};
/* End XCConfigurationList section */
	};
	rootObject = E8B292301C888D0500776C67 /* Project object */;
}
