// !$*UTF8*$!
{
	archiveVersion = 1;
	classes = {
	};
	objectVersion = 46;
	objects = {

/* Begin PBXBuildFile section */
		955C64A31CB3A45C00C6AD2E /* GuideImage1.JPG in Resources */ = {isa = PBXBuildFile; fileRef = 955C64A21CB3A45C00C6AD2E /* GuideImage1.JPG */; };
		955C64A51CB3A46D00C6AD2E /* GuideImage2.JPG in Resources */ = {isa = PBXBuildFile; fileRef = 955C64A41CB3A46D00C6AD2E /* GuideImage2.JPG */; };
		955C64A71CB3A47600C6AD2E /* GuideImage3.JPG in Resources */ = {isa = PBXBuildFile; fileRef = 955C64A61CB3A47600C6AD2E /* GuideImage3.JPG */; };
		955C64A91CB3BB6600C6AD2E /* WebViewController.swift in Sources */ = {isa = PBXBuildFile; fileRef = 955C64A81CB3BB6600C6AD2E /* WebViewController.swift */; };
		955C64AC1CB3C16400C6AD2E /* Main.storyboard in Resources */ = {isa = PBXBuildFile; fileRef = 955C64AB1CB3C16400C6AD2E /* Main.storyboard */; };
		E8B292B01C888D5500776C67 /* AppDelegate.swift in Sources */ = {isa = PBXBuildFile; fileRef = E8B292AF1C888D5500776C67 /* AppDelegate.swift */; };
		E8B292B21C888D5500776C67 /* ViewController.swift in Sources */ = {isa = PBXBuildFile; fileRef = E8B292B11C888D5500776C67 /* ViewController.swift */; };
		E8B292B71C888D5500776C67 /* Assets.xcassets in Resources */ = {isa = PBXBuildFile; fileRef = E8B292B61C888D5500776C67 /* Assets.xcassets */; };
		E8B292BA1C888D5500776C67 /* LaunchScreen.storyboard in Resources */ = {isa = PBXBuildFile; fileRef = E8B292B81C888D5500776C67 /* LaunchScreen.storyboard */; };
		E8B292C51C888D5600776C67 /* China_Arbor_DayTests.swift in Sources */ = {isa = PBXBuildFile; fileRef = E8B292C41C888D5600776C67 /* China_Arbor_DayTests.swift */; };
		E8B292D01C888D5600776C67 /* China_Arbor_DayUITests.swift in Sources */ = {isa = PBXBuildFile; fileRef = E8B292CF1C888D5600776C67 /* China_Arbor_DayUITests.swift */; };
/* End PBXBuildFile section */

/* Begin PBXContainerItemProxy section */
		E8B292C11C888D5600776C67 /* PBXContainerItemProxy */ = {
			isa = PBXContainerItemProxy;
			containerPortal = E8B292A41C888D5500776C67 /* Project object */;
			proxyType = 1;
			remoteGlobalIDString = E8B292AB1C888D5500776C67;
			remoteInfo = "China Arbor Day";
		};
		E8B292CC1C888D5600776C67 /* PBXContainerItemProxy */ = {
			isa = PBXContainerItemProxy;
			containerPortal = E8B292A41C888D5500776C67 /* Project object */;
			proxyType = 1;
			remoteGlobalIDString = E8B292AB1C888D5500776C67;
			remoteInfo = "China Arbor Day";
		};
/* End PBXContainerItemProxy section */

/* Begin PBXFileReference section */
		955C64A21CB3A45C00C6AD2E /* GuideImage1.JPG */ = {isa = PBXFileReference; lastKnownFileType = image.jpeg; path = GuideImage1.JPG; sourceTree = "<group>"; };
		955C64A41CB3A46D00C6AD2E /* GuideImage2.JPG */ = {isa = PBXFileReference; lastKnownFileType = image.jpeg; path = GuideImage2.JPG; sourceTree = "<group>"; };
		955C64A61CB3A47600C6AD2E /* GuideImage3.JPG */ = {isa = PBXFileReference; lastKnownFileType = image.jpeg; path = GuideImage3.JPG; sourceTree = "<group>"; };
		955C64A81CB3BB6600C6AD2E /* WebViewController.swift */ = {isa = PBXFileReference; fileEncoding = 4; lastKnownFileType = sourcecode.swift; path = WebViewController.swift; sourceTree = "<group>"; };
		955C64AA1CB3C16400C6AD2E /* Base */ = {isa = PBXFileReference; lastKnownFileType = file.storyboard; name = Base; path = Base.lproj/Main.storyboard; sourceTree = "<group>"; };
		E8B292AC1C888D5500776C67 /* China Arbor Day.app */ = {isa = PBXFileReference; explicitFileType = wrapper.application; includeInIndex = 0; path = "China Arbor Day.app"; sourceTree = BUILT_PRODUCTS_DIR; };
		E8B292AF1C888D5500776C67 /* AppDelegate.swift */ = {isa = PBXFileReference; lastKnownFileType = sourcecode.swift; path = AppDelegate.swift; sourceTree = "<group>"; };
		E8B292B11C888D5500776C67 /* ViewController.swift */ = {isa = PBXFileReference; lastKnownFileType = sourcecode.swift; path = ViewController.swift; sourceTree = "<group>"; };
		E8B292B61C888D5500776C67 /* Assets.xcassets */ = {isa = PBXFileReference; lastKnownFileType = folder.assetcatalog; path = Assets.xcassets; sourceTree = "<group>"; };
		E8B292B91C888D5500776C67 /* Base */ = {isa = PBXFileReference; lastKnownFileType = file.storyboard; name = Base; path = Base.lproj/LaunchScreen.storyboard; sourceTree = "<group>"; };
		E8B292BB1C888D5500776C67 /* Info.plist */ = {isa = PBXFileReference; lastKnownFileType = text.plist.xml; path = Info.plist; sourceTree = "<group>"; };
		E8B292C01C888D5600776C67 /* China Arbor DayTests.xctest */ = {isa = PBXFileReference; explicitFileType = wrapper.cfbundle; includeInIndex = 0; path = "China Arbor DayTests.xctest"; sourceTree = BUILT_PRODUCTS_DIR; };
		E8B292C41C888D5600776C67 /* China_Arbor_DayTests.swift */ = {isa = PBXFileReference; lastKnownFileType = sourcecode.swift; path = China_Arbor_DayTests.swift; sourceTree = "<group>"; };
		E8B292C61C888D5600776C67 /* Info.plist */ = {isa = PBXFileReference; lastKnownFileType = text.plist.xml; path = Info.plist; sourceTree = "<group>"; };
		E8B292CB1C888D5600776C67 /* China Arbor DayUITests.xctest */ = {isa = PBXFileReference; explicitFileType = wrapper.cfbundle; includeInIndex = 0; path = "China Arbor DayUITests.xctest"; sourceTree = BUILT_PRODUCTS_DIR; };
		E8B292CF1C888D5600776C67 /* China_Arbor_DayUITests.swift */ = {isa = PBXFileReference; lastKnownFileType = sourcecode.swift; path = China_Arbor_DayUITests.swift; sourceTree = "<group>"; };
		E8B292D11C888D5600776C67 /* Info.plist */ = {isa = PBXFileReference; lastKnownFileType = text.plist.xml; path = Info.plist; sourceTree = "<group>"; };
/* End PBXFileReference section */

/* Begin PBXFrameworksBuildPhase section */
		E8B292A91C888D5500776C67 /* Frameworks */ = {
			isa = PBXFrameworksBuildPhase;
			buildActionMask = 2147483647;
			files = (
			);
			runOnlyForDeploymentPostprocessing = 0;
		};
		E8B292BD1C888D5600776C67 /* Frameworks */ = {
			isa = PBXFrameworksBuildPhase;
			buildActionMask = 2147483647;
			files = (
			);
			runOnlyForDeploymentPostprocessing = 0;
		};
		E8B292C81C888D5600776C67 /* Frameworks */ = {
			isa = PBXFrameworksBuildPhase;
			buildActionMask = 2147483647;
			files = (
			);
			runOnlyForDeploymentPostprocessing = 0;
		};
/* End PBXFrameworksBuildPhase section */

/* Begin PBXGroup section */
		E8B292A31C888D5500776C67 = {
			isa = PBXGroup;
			children = (
				E8B292AE1C888D5500776C67 /* China Arbor Day */,
				E8B292C31C888D5600776C67 /* China Arbor DayTests */,
				E8B292CE1C888D5600776C67 /* China Arbor DayUITests */,
				E8B292AD1C888D5500776C67 /* Products */,
			);
			sourceTree = "<group>";
		};
		E8B292AD1C888D5500776C67 /* Products */ = {
			isa = PBXGroup;
			children = (
				E8B292AC1C888D5500776C67 /* China Arbor Day.app */,
				E8B292C01C888D5600776C67 /* China Arbor DayTests.xctest */,
				E8B292CB1C888D5600776C67 /* China Arbor DayUITests.xctest */,
			);
			name = Products;
			sourceTree = "<group>";
		};
		E8B292AE1C888D5500776C67 /* China Arbor Day */ = {
			isa = PBXGroup;
			children = (
				E8B292AF1C888D5500776C67 /* AppDelegate.swift */,
				E8B292B11C888D5500776C67 /* ViewController.swift */,
				955C64A81CB3BB6600C6AD2E /* WebViewController.swift */,
				E8B292B61C888D5500776C67 /* Assets.xcassets */,
				E8B292B81C888D5500776C67 /* LaunchScreen.storyboard */,
				E8B292BB1C888D5500776C67 /* Info.plist */,
				955C64AB1CB3C16400C6AD2E /* Main.storyboard */,
				955C64A21CB3A45C00C6AD2E /* GuideImage1.JPG */,
				955C64A41CB3A46D00C6AD2E /* GuideImage2.JPG */,
				955C64A61CB3A47600C6AD2E /* GuideImage3.JPG */,
			);
			path = "China Arbor Day";
			sourceTree = "<group>";
		};
		E8B292C31C888D5600776C67 /* China Arbor DayTests */ = {
			isa = PBXGroup;
			children = (
				E8B292C41C888D5600776C67 /* China_Arbor_DayTests.swift */,
				E8B292C61C888D5600776C67 /* Info.plist */,
			);
			path = "China Arbor DayTests";
			sourceTree = "<group>";
		};
		E8B292CE1C888D5600776C67 /* China Arbor DayUITests */ = {
			isa = PBXGroup;
			children = (
				E8B292CF1C888D5600776C67 /* China_Arbor_DayUITests.swift */,
				E8B292D11C888D5600776C67 /* Info.plist */,
			);
			path = "China Arbor DayUITests";
			sourceTree = "<group>";
		};
/* End PBXGroup section */

/* Begin PBXNativeTarget section */
		E8B292AB1C888D5500776C67 /* China Arbor Day */ = {
			isa = PBXNativeTarget;
			buildConfigurationList = E8B292D41C888D5600776C67 /* Build configuration list for PBXNativeTarget "China Arbor Day" */;
			buildPhases = (
				E8B292A81C888D5500776C67 /* Sources */,
				E8B292A91C888D5500776C67 /* Frameworks */,
				E8B292AA1C888D5500776C67 /* Resources */,
			);
			buildRules = (
			);
			dependencies = (
			);
			name = "China Arbor Day";
			productName = "China Arbor Day";
			productReference = E8B292AC1C888D5500776C67 /* China Arbor Day.app */;
			productType = "com.apple.product-type.application";
		};
		E8B292BF1C888D5600776C67 /* China Arbor DayTests */ = {
			isa = PBXNativeTarget;
			buildConfigurationList = E8B292D71C888D5600776C67 /* Build configuration list for PBXNativeTarget "China Arbor DayTests" */;
			buildPhases = (
				E8B292BC1C888D5600776C67 /* Sources */,
				E8B292BD1C888D5600776C67 /* Frameworks */,
				E8B292BE1C888D5600776C67 /* Resources */,
			);
			buildRules = (
			);
			dependencies = (
				E8B292C21C888D5600776C67 /* PBXTargetDependency */,
			);
			name = "China Arbor DayTests";
			productName = "China Arbor DayTests";
			productReference = E8B292C01C888D5600776C67 /* China Arbor DayTests.xctest */;
			productType = "com.apple.product-type.bundle.unit-test";
		};
		E8B292CA1C888D5600776C67 /* China Arbor DayUITests */ = {
			isa = PBXNativeTarget;
			buildConfigurationList = E8B292DA1C888D5600776C67 /* Build configuration list for PBXNativeTarget "China Arbor DayUITests" */;
			buildPhases = (
				E8B292C71C888D5600776C67 /* Sources */,
				E8B292C81C888D5600776C67 /* Frameworks */,
				E8B292C91C888D5600776C67 /* Resources */,
			);
			buildRules = (
			);
			dependencies = (
				E8B292CD1C888D5600776C67 /* PBXTargetDependency */,
			);
			name = "China Arbor DayUITests";
			productName = "China Arbor DayUITests";
			productReference = E8B292CB1C888D5600776C67 /* China Arbor DayUITests.xctest */;
			productType = "com.apple.product-type.bundle.ui-testing";
		};
/* End PBXNativeTarget section */

/* Begin PBXProject section */
		E8B292A41C888D5500776C67 /* Project object */ = {
			isa = PBXProject;
			attributes = {
				LastSwiftUpdateCheck = 0720;
				LastUpgradeCheck = 0720;
				ORGANIZATIONNAME = "Migoo Technology";
				TargetAttributes = {
					E8B292AB1C888D5500776C67 = {
						CreatedOnToolsVersion = 7.2.1;
					};
					E8B292BF1C888D5600776C67 = {
						CreatedOnToolsVersion = 7.2.1;
						TestTargetID = E8B292AB1C888D5500776C67;
					};
					E8B292CA1C888D5600776C67 = {
						CreatedOnToolsVersion = 7.2.1;
						TestTargetID = E8B292AB1C888D5500776C67;
					};
				};
			};
			buildConfigurationList = E8B292A71C888D5500776C67 /* Build configuration list for PBXProject "China Arbor Day" */;
			compatibilityVersion = "Xcode 3.2";
			developmentRegion = English;
			hasScannedForEncodings = 0;
			knownRegions = (
				en,
				Base,
			);
			mainGroup = E8B292A31C888D5500776C67;
			productRefGroup = E8B292AD1C888D5500776C67 /* Products */;
			projectDirPath = "";
			projectRoot = "";
			targets = (
				E8B292AB1C888D5500776C67 /* China Arbor Day */,
				E8B292BF1C888D5600776C67 /* China Arbor DayTests */,
				E8B292CA1C888D5600776C67 /* China Arbor DayUITests */,
			);
		};
/* End PBXProject section */

/* Begin PBXResourcesBuildPhase section */
		E8B292AA1C888D5500776C67 /* Resources */ = {
			isa = PBXResourcesBuildPhase;
			buildActionMask = 2147483647;
			files = (
				955C64A71CB3A47600C6AD2E /* GuideImage3.JPG in Resources */,
				955C64A31CB3A45C00C6AD2E /* GuideImage1.JPG in Resources */,
				955C64A51CB3A46D00C6AD2E /* GuideImage2.JPG in Resources */,
				955C64AC1CB3C16400C6AD2E /* Main.storyboard in Resources */,
				E8B292BA1C888D5500776C67 /* LaunchScreen.storyboard in Resources */,
				E8B292B71C888D5500776C67 /* Assets.xcassets in Resources */,
			);
			runOnlyForDeploymentPostprocessing = 0;
		};
		E8B292BE1C888D5600776C67 /* Resources */ = {
			isa = PBXResourcesBuildPhase;
			buildActionMask = 2147483647;
			files = (
			);
			runOnlyForDeploymentPostprocessing = 0;
		};
		E8B292C91C888D5600776C67 /* Resources */ = {
			isa = PBXResourcesBuildPhase;
			buildActionMask = 2147483647;
			files = (
			);
			runOnlyForDeploymentPostprocessing = 0;
		};
/* End PBXResourcesBuildPhase section */

/* Begin PBXSourcesBuildPhase section */
		E8B292A81C888D5500776C67 /* Sources */ = {
			isa = PBXSourcesBuildPhase;
			buildActionMask = 2147483647;
			files = (
				E8B292B21C888D5500776C67 /* ViewController.swift in Sources */,
				955C64A91CB3BB6600C6AD2E /* WebViewController.swift in Sources */,
				E8B292B01C888D5500776C67 /* AppDelegate.swift in Sources */,
			);
			runOnlyForDeploymentPostprocessing = 0;
		};
		E8B292BC1C888D5600776C67 /* Sources */ = {
			isa = PBXSourcesBuildPhase;
			buildActionMask = 2147483647;
			files = (
				E8B292C51C888D5600776C67 /* China_Arbor_DayTests.swift in Sources */,
			);
			runOnlyForDeploymentPostprocessing = 0;
		};
		E8B292C71C888D5600776C67 /* Sources */ = {
			isa = PBXSourcesBuildPhase;
			buildActionMask = 2147483647;
			files = (
				E8B292D01C888D5600776C67 /* China_Arbor_DayUITests.swift in Sources */,
			);
			runOnlyForDeploymentPostprocessing = 0;
		};
/* End PBXSourcesBuildPhase section */

/* Begin PBXTargetDependency section */
		E8B292C21C888D5600776C67 /* PBXTargetDependency */ = {
			isa = PBXTargetDependency;
			target = E8B292AB1C888D5500776C67 /* China Arbor Day */;
			targetProxy = E8B292C11C888D5600776C67 /* PBXContainerItemProxy */;
		};
		E8B292CD1C888D5600776C67 /* PBXTargetDependency */ = {
			isa = PBXTargetDependency;
			target = E8B292AB1C888D5500776C67 /* China Arbor Day */;
			targetProxy = E8B292CC1C888D5600776C67 /* PBXContainerItemProxy */;
		};
/* End PBXTargetDependency section */

/* Begin PBXVariantGroup section */
		955C64AB1CB3C16400C6AD2E /* Main.storyboard */ = {
			isa = PBXVariantGroup;
			children = (
				955C64AA1CB3C16400C6AD2E /* Base */,
			);
			name = Main.storyboard;
			path = "../../The laba Rice Porridge Festival/The laba Rice Porridge Festival";
			sourceTree = "<group>";
		};
		E8B292B81C888D5500776C67 /* LaunchScreen.storyboard */ = {
			isa = PBXVariantGroup;
			children = (
				E8B292B91C888D5500776C67 /* Base */,
			);
			name = LaunchScreen.storyboard;
			sourceTree = "<group>";
		};
/* End PBXVariantGroup section */

/* Begin XCBuildConfiguration section */
		E8B292D21C888D5600776C67 /* Debug */ = {
			isa = XCBuildConfiguration;
			buildSettings = {
				ALWAYS_SEARCH_USER_PATHS = NO;
				CLANG_CXX_LANGUAGE_STANDARD = "gnu++0x";
				CLANG_CXX_LIBRARY = "libc++";
				CLANG_ENABLE_MODULES = YES;
				CLANG_ENABLE_OBJC_ARC = YES;
				CLANG_WARN_BOOL_CONVERSION = YES;
				CLANG_WARN_CONSTANT_CONVERSION = YES;
				CLANG_WARN_DIRECT_OBJC_ISA_USAGE = YES_ERROR;
				CLANG_WARN_EMPTY_BODY = YES;
				CLANG_WARN_ENUM_CONVERSION = YES;
				CLANG_WARN_INT_CONVERSION = YES;
				CLANG_WARN_OBJC_ROOT_CLASS = YES_ERROR;
				CLANG_WARN_UNREACHABLE_CODE = YES;
				CLANG_WARN__DUPLICATE_METHOD_MATCH = YES;
				"CODE_SIGN_IDENTITY[sdk=iphoneos*]" = "iPhone Developer";
				COPY_PHASE_STRIP = NO;
				DEBUG_INFORMATION_FORMAT = dwarf;
				ENABLE_STRICT_OBJC_MSGSEND = YES;
				ENABLE_TESTABILITY = YES;
				GCC_C_LANGUAGE_STANDARD = gnu99;
				GCC_DYNAMIC_NO_PIC = NO;
				GCC_NO_COMMON_BLOCKS = YES;
				GCC_OPTIMIZATION_LEVEL = 0;
				GCC_PREPROCESSOR_DEFINITIONS = (
					"DEBUG=1",
					"$(inherited)",
				);
				GCC_WARN_64_TO_32_BIT_CONVERSION = YES;
				GCC_WARN_ABOUT_RETURN_TYPE = YES_ERROR;
				GCC_WARN_UNDECLARED_SELECTOR = YES;
				GCC_WARN_UNINITIALIZED_AUTOS = YES_AGGRESSIVE;
				GCC_WARN_UNUSED_FUNCTION = YES;
				GCC_WARN_UNUSED_VARIABLE = YES;
				IPHONEOS_DEPLOYMENT_TARGET = 9.2;
				MTL_ENABLE_DEBUG_INFO = YES;
				ONLY_ACTIVE_ARCH = YES;
				SDKROOT = iphoneos;
				SWIFT_OPTIMIZATION_LEVEL = "-Onone";
			};
			name = Debug;
		};
		E8B292D31C888D5600776C67 /* Release */ = {
			isa = XCBuildConfiguration;
			buildSettings = {
				ALWAYS_SEARCH_USER_PATHS = NO;
				CLANG_CXX_LANGUAGE_STANDARD = "gnu++0x";
				CLANG_CXX_LIBRARY = "libc++";
				CLANG_ENABLE_MODULES = YES;
				CLANG_ENABLE_OBJC_ARC = YES;
				CLANG_WARN_BOOL_CONVERSION = YES;
				CLANG_WARN_CONSTANT_CONVERSION = YES;
				CLANG_WARN_DIRECT_OBJC_ISA_USAGE = YES_ERROR;
				CLANG_WARN_EMPTY_BODY = YES;
				CLANG_WARN_ENUM_CONVERSION = YES;
				CLANG_WARN_INT_CONVERSION = YES;
				CLANG_WARN_OBJC_ROOT_CLASS = YES_ERROR;
				CLANG_WARN_UNREACHABLE_CODE = YES;
				CLANG_WARN__DUPLICATE_METHOD_MATCH = YES;
				"CODE_SIGN_IDENTITY[sdk=iphoneos*]" = "iPhone Developer";
				COPY_PHASE_STRIP = NO;
				DEBUG_INFORMATION_FORMAT = "dwarf-with-dsym";
				ENABLE_NS_ASSERTIONS = NO;
				ENABLE_STRICT_OBJC_MSGSEND = YES;
				GCC_C_LANGUAGE_STANDARD = gnu99;
				GCC_NO_COMMON_BLOCKS = YES;
				GCC_WARN_64_TO_32_BIT_CONVERSION = YES;
				GCC_WARN_ABOUT_RETURN_TYPE = YES_ERROR;
				GCC_WARN_UNDECLARED_SELECTOR = YES;
				GCC_WARN_UNINITIALIZED_AUTOS = YES_AGGRESSIVE;
				GCC_WARN_UNUSED_FUNCTION = YES;
				GCC_WARN_UNUSED_VARIABLE = YES;
				IPHONEOS_DEPLOYMENT_TARGET = 9.2;
				MTL_ENABLE_DEBUG_INFO = NO;
				SDKROOT = iphoneos;
				VALIDATE_PRODUCT = YES;
			};
			name = Release;
		};
		E8B292D51C888D5600776C67 /* Debug */ = {
			isa = XCBuildConfiguration;
			buildSettings = {
				ASSETCATALOG_COMPILER_APPICON_NAME = AppIcon;
				INFOPLIST_FILE = "China Arbor Day/Info.plist";
				LD_RUNPATH_SEARCH_PATHS = "$(inherited) @executable_path/Frameworks";
				PRODUCT_BUNDLE_IDENTIFIER = "Migoo.China-Arbor-Day";
				PRODUCT_NAME = "$(TARGET_NAME)";
			};
			name = Debug;
		};
		E8B292D61C888D5600776C67 /* Release */ = {
			isa = XCBuildConfiguration;
			buildSettings = {
				ASSETCATALOG_COMPILER_APPICON_NAME = AppIcon;
				INFOPLIST_FILE = "China Arbor Day/Info.plist";
				LD_RUNPATH_SEARCH_PATHS = "$(inherited) @executable_path/Frameworks";
				PRODUCT_BUNDLE_IDENTIFIER = "Migoo.China-Arbor-Day";
				PRODUCT_NAME = "$(TARGET_NAME)";
			};
			name = Release;
		};
		E8B292D81C888D5600776C67 /* Debug */ = {
			isa = XCBuildConfiguration;
			buildSettings = {
				BUNDLE_LOADER = "$(TEST_HOST)";
				INFOPLIST_FILE = "China Arbor DayTests/Info.plist";
				LD_RUNPATH_SEARCH_PATHS = "$(inherited) @executable_path/Frameworks @loader_path/Frameworks";
				PRODUCT_BUNDLE_IDENTIFIER = "Migoo.China-Arbor-DayTests";
				PRODUCT_NAME = "$(TARGET_NAME)";
				TEST_HOST = "$(BUILT_PRODUCTS_DIR)/China Arbor Day.app/China Arbor Day";
			};
			name = Debug;
		};
		E8B292D91C888D5600776C67 /* Release */ = {
			isa = XCBuildConfiguration;
			buildSettings = {
				BUNDLE_LOADER = "$(TEST_HOST)";
				INFOPLIST_FILE = "China Arbor DayTests/Info.plist";
				LD_RUNPATH_SEARCH_PATHS = "$(inherited) @executable_path/Frameworks @loader_path/Frameworks";
				PRODUCT_BUNDLE_IDENTIFIER = "Migoo.China-Arbor-DayTests";
				PRODUCT_NAME = "$(TARGET_NAME)";
				TEST_HOST = "$(BUILT_PRODUCTS_DIR)/China Arbor Day.app/China Arbor Day";
			};
			name = Release;
		};
		E8B292DB1C888D5600776C67 /* Debug */ = {
			isa = XCBuildConfiguration;
			buildSettings = {
				INFOPLIST_FILE = "China Arbor DayUITests/Info.plist";
				LD_RUNPATH_SEARCH_PATHS = "$(inherited) @executable_path/Frameworks @loader_path/Frameworks";
				PRODUCT_BUNDLE_IDENTIFIER = "Migoo.China-Arbor-DayUITests";
				PRODUCT_NAME = "$(TARGET_NAME)";
				TEST_TARGET_NAME = "China Arbor Day";
				USES_XCTRUNNER = YES;
			};
			name = Debug;
		};
		E8B292DC1C888D5600776C67 /* Release */ = {
			isa = XCBuildConfiguration;
			buildSettings = {
				INFOPLIST_FILE = "China Arbor DayUITests/Info.plist";
				LD_RUNPATH_SEARCH_PATHS = "$(inherited) @executable_path/Frameworks @loader_path/Frameworks";
				PRODUCT_BUNDLE_IDENTIFIER = "Migoo.China-Arbor-DayUITests";
				PRODUCT_NAME = "$(TARGET_NAME)";
				TEST_TARGET_NAME = "China Arbor Day";
				USES_XCTRUNNER = YES;
			};
			name = Release;
		};
/* End XCBuildConfiguration section */

/* Begin XCConfigurationList section */
		E8B292A71C888D5500776C67 /* Build configuration list for PBXProject "China Arbor Day" */ = {
			isa = XCConfigurationList;
			buildConfigurations = (
				E8B292D21C888D5600776C67 /* Debug */,
				E8B292D31C888D5600776C67 /* Release */,
			);
			defaultConfigurationIsVisible = 0;
			defaultConfigurationName = Release;
		};
		E8B292D41C888D5600776C67 /* Build configuration list for PBXNativeTarget "China Arbor Day" */ = {
			isa = XCConfigurationList;
			buildConfigurations = (
				E8B292D51C888D5600776C67 /* Debug */,
				E8B292D61C888D5600776C67 /* Release */,
			);
			defaultConfigurationIsVisible = 0;
			defaultConfigurationName = Release;
		};
		E8B292D71C888D5600776C67 /* Build configuration list for PBXNativeTarget "China Arbor DayTests" */ = {
			isa = XCConfigurationList;
			buildConfigurations = (
				E8B292D81C888D5600776C67 /* Debug */,
				E8B292D91C888D5600776C67 /* Release */,
			);
			defaultConfigurationIsVisible = 0;
			defaultConfigurationName = Release;
		};
		E8B292DA1C888D5600776C67 /* Build configuration list for PBXNativeTarget "China Arbor DayUITests" */ = {
			isa = XCConfigurationList;
			buildConfigurations = (
				E8B292DB1C888D5600776C67 /* Debug */,
				E8B292DC1C888D5600776C67 /* Release */,
			);
			defaultConfigurationIsVisible = 0;
			defaultConfigurationName = Release;
		};
/* End XCConfigurationList section */
	};
	rootObject = E8B292A41C888D5500776C67 /* Project object */;
}
